
Microsoft Visual Studio Solution File, Format Version 12.00
# Visual Studio 14
VisualStudioVersion = 14.0.22310.1
MinimumVisualStudioVersion = 10.0.40219.1
Project("{FAE04EC0-301F-11D3-BF4B-00C04F79EFBC}") = "BackgroundUtilities", "BackgroundUtilities\BackgroundUtilities.csproj", "{5774E968-17FF-421B-96A8-BC0A4701696D}"
	ProjectSection(ProjectDependencies) = postProject
		{DCE12972-E70B-4ED0-B5E7-EC2F6E9AA300} = {DCE12972-E70B-4ED0-B5E7-EC2F6E9AA300}
	EndProjectSection
EndProject
Project("{FAE04EC0-301F-11D3-BF4B-00C04F79EFBC}") = "Core", "Core\Core.csproj", "{0BF82DAA-3401-4196-B63A-C22577FEF6F9}"
	ProjectSection(ProjectDependencies) = postProject
		{5774E968-17FF-421B-96A8-BC0A4701696D} = {5774E968-17FF-421B-96A8-BC0A4701696D}
		{DCE12972-E70B-4ED0-B5E7-EC2F6E9AA300} = {DCE12972-E70B-4ED0-B5E7-EC2F6E9AA300}
	EndProjectSection
EndProject
Project("{FAE04EC0-301F-11D3-BF4B-00C04F79EFBC}") = "APIWrapper", "APIWrapper\APIWrapper.csproj", "{DCE12972-E70B-4ED0-B5E7-EC2F6E9AA300}"
EndProject
Global
	GlobalSection(SolutionConfigurationPlatforms) = preSolution
		Debug|Any CPU = Debug|Any CPU
		Debug|ARM = Debug|ARM
		Debug|x86 = Debug|x86
		Release|Any CPU = Release|Any CPU
		Release|ARM = Release|ARM
		Release|x86 = Release|x86
	EndGlobalSection
	GlobalSection(ProjectConfigurationPlatforms) = postSolution
		{5774E968-17FF-421B-96A8-BC0A4701696D}.Debug|Any CPU.ActiveCfg = Debug|Any CPU
		{5774E968-17FF-421B-96A8-BC0A4701696D}.Debug|Any CPU.Build.0 = Debug|Any CPU
		{5774E968-17FF-421B-96A8-BC0A4701696D}.Debug|ARM.ActiveCfg = Debug|ARM
		{5774E968-17FF-421B-96A8-BC0A4701696D}.Debug|ARM.Build.0 = Debug|ARM
		{5774E968-17FF-421B-96A8-BC0A4701696D}.Debug|x86.ActiveCfg = Debug|x86
		{5774E968-17FF-421B-96A8-BC0A4701696D}.Debug|x86.Build.0 = Debug|x86
		{5774E968-17FF-421B-96A8-BC0A4701696D}.Release|Any CPU.ActiveCfg = Release|Any CPU
		{5774E968-17FF-421B-96A8-BC0A4701696D}.Release|Any CPU.Build.0 = Release|Any CPU
		{5774E968-17FF-421B-96A8-BC0A4701696D}.Release|ARM.ActiveCfg = Release|ARM
		{5774E968-17FF-421B-96A8-BC0A4701696D}.Release|ARM.Build.0 = Release|ARM
		{5774E968-17FF-421B-96A8-BC0A4701696D}.Release|x86.ActiveCfg = Release|x86
		{5774E968-17FF-421B-96A8-BC0A4701696D}.Release|x86.Build.0 = Release|x86
		{0BF82DAA-3401-4196-B63A-C22577FEF6F9}.Debug|Any CPU.ActiveCfg = Debug|Any CPU
		{0BF82DAA-3401-4196-B63A-C22577FEF6F9}.Debug|Any CPU.Build.0 = Debug|Any CPU
		{0BF82DAA-3401-4196-B63A-C22577FEF6F9}.Debug|Any CPU.Deploy.0 = Debug|Any CPU
		{0BF82DAA-3401-4196-B63A-C22577FEF6F9}.Debug|ARM.ActiveCfg = Debug|ARM
		{0BF82DAA-3401-4196-B63A-C22577FEF6F9}.Debug|ARM.Build.0 = Debug|ARM
		{0BF82DAA-3401-4196-B63A-C22577FEF6F9}.Debug|ARM.Deploy.0 = Debug|ARM
		{0BF82DAA-3401-4196-B63A-C22577FEF6F9}.Debug|x86.ActiveCfg = Debug|x86
		{0BF82DAA-3401-4196-B63A-C22577FEF6F9}.Debug|x86.Build.0 = Debug|x86
		{0BF82DAA-3401-4196-B63A-C22577FEF6F9}.Debug|x86.Deploy.0 = Debug|x86
		{0BF82DAA-3401-4196-B63A-C22577FEF6F9}.Release|Any CPU.ActiveCfg = Release|Any CPU
		{0BF82DAA-3401-4196-B63A-C22577FEF6F9}.Release|Any CPU.Build.0 = Release|Any CPU
		{0BF82DAA-3401-4196-B63A-C22577FEF6F9}.Release|Any CPU.Deploy.0 = Release|Any CPU
		{0BF82DAA-3401-4196-B63A-C22577FEF6F9}.Release|ARM.ActiveCfg = Release|ARM
		{0BF82DAA-3401-4196-B63A-C22577FEF6F9}.Release|ARM.Build.0 = Release|ARM
		{0BF82DAA-3401-4196-B63A-C22577FEF6F9}.Release|ARM.Deploy.0 = Release|ARM
		{0BF82DAA-3401-4196-B63A-C22577FEF6F9}.Release|x86.ActiveCfg = Release|x86
		{0BF82DAA-3401-4196-B63A-C22577FEF6F9}.Release|x86.Build.0 = Release|x86
		{0BF82DAA-3401-4196-B63A-C22577FEF6F9}.Release|x86.Deploy.0 = Release|x86
		{DCE12972-E70B-4ED0-B5E7-EC2F6E9AA300}.Debug|Any CPU.ActiveCfg = Debug|Any CPU
		{DCE12972-E70B-4ED0-B5E7-EC2F6E9AA300}.Debug|Any CPU.Build.0 = Debug|Any CPU
		{DCE12972-E70B-4ED0-B5E7-EC2F6E9AA300}.Debug|ARM.ActiveCfg = Debug|Any CPU
		{DCE12972-E70B-4ED0-B5E7-EC2F6E9AA300}.Debug|ARM.Build.0 = Debug|Any CPU
		{DCE12972-E70B-4ED0-B5E7-EC2F6E9AA300}.Debug|x86.ActiveCfg = Debug|Any CPU
		{DCE12972-E70B-4ED0-B5E7-EC2F6E9AA300}.Debug|x86.Build.0 = Debug|Any CPU
		{DCE12972-E70B-4ED0-B5E7-EC2F6E9AA300}.Release|Any CPU.ActiveCfg = Release|Any CPU
		{DCE12972-E70B-4ED0-B5E7-EC2F6E9AA300}.Release|Any CPU.Build.0 = Release|Any CPU
		{DCE12972-E70B-4ED0-B5E7-EC2F6E9AA300}.Release|ARM.ActiveCfg = Release|Any CPU
		{DCE12972-E70B-4ED0-B5E7-EC2F6E9AA300}.Release|ARM.Build.0 = Release|Any CPU
		{DCE12972-E70B-4ED0-B5E7-EC2F6E9AA300}.Release|x86.ActiveCfg = Release|Any CPU
		{DCE12972-E70B-4ED0-B5E7-EC2F6E9AA300}.Release|x86.Build.0 = Release|Any CPU
	EndGlobalSection
	GlobalSection(SolutionProperties) = preSolution
		HideSolutionNode = FALSE
	EndGlobalSection
EndGlobal
